
Microsoft Visual Studio Solution File, Format Version 12.00
# Visual Studio Version 16
VisualStudioVersion = 16.0.32413.511
MinimumVisualStudioVersion = 10.0.40219.1
Project("{FAE04EC0-301F-11D3-BF4B-00C04F79EFBC}") = "samplemonogame", "samplemonogame\samplemonogame.csproj", "{ADEA5898-0BB8-43E0-BC87-A1AC1235350C}"
EndProject
Global
	GlobalSection(SolutionConfigurationPlatforms) = preSolution
		Debug|Any CPU = Debug|Any CPU
		Release|Any CPU = Release|Any CPU
	EndGlobalSection
	GlobalSection(ProjectConfigurationPlatforms) = postSolution
		{ADEA5898-0BB8-43E0-BC87-A1AC1235350C}.Debug|Any CPU.ActiveCfg = Debug|Any CPU
		{ADEA5898-0BB8-43E0-BC87-A1AC1235350C}.Debug|Any CPU.Build.0 = Debug|Any CPU
		{ADEA5898-0BB8-43E0-BC87-A1AC1235350C}.Release|Any CPU.ActiveCfg = Release|Any CPU
		{ADEA5898-0BB8-43E0-BC87-A1AC1235350C}.Release|Any CPU.Build.0 = Release|Any CPU
	EndGlobalSection
	GlobalSection(SolutionProperties) = preSolution
		HideSolutionNode = FALSE
	EndGlobalSection
	GlobalSection(ExtensibilityGlobals) = postSolution
		SolutionGuid = {1BB9BCB9-BEF3-4B2E-972D-B3630C4F3349}
	EndGlobalSection
EndGlobal
